// !$*UTF8*$!
{
	archiveVersion = 1;
	classes = {
	};
	objectVersion = 48;
	objects = {

/* Begin PBXBuildFile section */
		BEB2E25A204AEC2500B5EADC /* ResultRendererDelegate.swift in Sources */ = {isa = PBXBuildFile; fileRef = BEB2E259204AEC2500B5EADC /* ResultRendererDelegate.swift */; };
		BEB2E25C204AEC9600B5EADC /* ResultPickerVC.swift in Sources */ = {isa = PBXBuildFile; fileRef = BEB2E25B204AEC9600B5EADC /* ResultPickerVC.swift */; };
		BEB2E261204AEF0400B5EADC /* CityDataSource.swift in Sources */ = {isa = PBXBuildFile; fileRef = BEB2E260204AEF0400B5EADC /* CityDataSource.swift */; };
		BEB2E263204AF21500B5EADC /* CityResultPickerVC.swift in Sources */ = {isa = PBXBuildFile; fileRef = BEB2E262204AF21500B5EADC /* CityResultPickerVC.swift */; };
		BEB2E265204AF33000B5EADC /* UITableView+Generics.swift in Sources */ = {isa = PBXBuildFile; fileRef = BEB2E264204AF33000B5EADC /* UITableView+Generics.swift */; };
		BEB2E267204AF35400B5EADC /* NSObject+Sugar.swift in Sources */ = {isa = PBXBuildFile; fileRef = BEB2E266204AF35400B5EADC /* NSObject+Sugar.swift */; };
		BEB2E269204AF5E300B5EADC /* AddressEntity.swift in Sources */ = {isa = PBXBuildFile; fileRef = BEB2E268204AF5E300B5EADC /* AddressEntity.swift */; };
		BEB2E26B204AF69300B5EADC /* StreetDataSource.swift in Sources */ = {isa = PBXBuildFile; fileRef = BEB2E26A204AF69300B5EADC /* StreetDataSource.swift */; };
		BEB2E26D204AF78800B5EADC /* HouseDataSource.swift in Sources */ = {isa = PBXBuildFile; fileRef = BEB2E26C204AF78800B5EADC /* HouseDataSource.swift */; };
		BEB2E270204AF7B700B5EADC /* HousePickerVC.swift in Sources */ = {isa = PBXBuildFile; fileRef = BEB2E26F204AF7B700B5EADC /* HousePickerVC.swift */; };
		BEB2E272204AF7E100B5EADC /* StreetPickerVC.swift in Sources */ = {isa = PBXBuildFile; fileRef = BEB2E271204AF7E100B5EADC /* StreetPickerVC.swift */; };
		BEE5FABB204AE7C90072ABD1 /* AppDelegate.swift in Sources */ = {isa = PBXBuildFile; fileRef = BEE5FABA204AE7C90072ABD1 /* AppDelegate.swift */; };
		BEE5FABD204AE7C90072ABD1 /* ViewController.swift in Sources */ = {isa = PBXBuildFile; fileRef = BEE5FABC204AE7C90072ABD1 /* ViewController.swift */; };
		BEE5FAC0204AE7CA0072ABD1 /* Main.storyboard in Resources */ = {isa = PBXBuildFile; fileRef = BEE5FABE204AE7CA0072ABD1 /* Main.storyboard */; };
		BEE5FAC2204AE7CA0072ABD1 /* Assets.xcassets in Resources */ = {isa = PBXBuildFile; fileRef = BEE5FAC1204AE7CA0072ABD1 /* Assets.xcassets */; };
		BEE5FAC5204AE7CA0072ABD1 /* LaunchScreen.storyboard in Resources */ = {isa = PBXBuildFile; fileRef = BEE5FAC3204AE7CA0072ABD1 /* LaunchScreen.storyboard */; };
		BEE5FAD0204AE88F0072ABD1 /* CommonDataSource.swift in Sources */ = {isa = PBXBuildFile; fileRef = BEE5FACF204AE88F0072ABD1 /* CommonDataSource.swift */; };
		BEE5FAD2204AE9420072ABD1 /* CommonResultListItem.swift in Sources */ = {isa = PBXBuildFile; fileRef = BEE5FAD1204AE9420072ABD1 /* CommonResultListItem.swift */; };
		BEE5FAD4204AE95E0072ABD1 /* StreetEntity.swift in Sources */ = {isa = PBXBuildFile; fileRef = BEE5FAD3204AE95E0072ABD1 /* StreetEntity.swift */; };
		BEE5FAD6204AE9890072ABD1 /* HouseEntity.swift in Sources */ = {isa = PBXBuildFile; fileRef = BEE5FAD5204AE9890072ABD1 /* HouseEntity.swift */; };
		BEE5FAD8204AE9AD0072ABD1 /* CityEntity.swift in Sources */ = {isa = PBXBuildFile; fileRef = BEE5FAD7204AE9AD0072ABD1 /* CityEntity.swift */; };
		BEE5FADB204AE9DB0072ABD1 /* Entities+ResultListItem.swift in Sources */ = {isa = PBXBuildFile; fileRef = BEE5FADA204AE9DB0072ABD1 /* Entities+ResultListItem.swift */; };
		DE00234C204D42C100A7A093 /* SuggestResultVC.swift in Sources */ = {isa = PBXBuildFile; fileRef = DE00234B204D42C100A7A093 /* SuggestResultVC.swift */; };
/* End PBXBuildFile section */

/* Begin PBXFileReference section */
		BEB2E259204AEC2500B5EADC /* ResultRendererDelegate.swift */ = {isa = PBXFileReference; lastKnownFileType = sourcecode.swift; path = ResultRendererDelegate.swift; sourceTree = "<group>"; };
		BEB2E25B204AEC9600B5EADC /* ResultPickerVC.swift */ = {isa = PBXFileReference; lastKnownFileType = sourcecode.swift; path = ResultPickerVC.swift; sourceTree = "<group>"; };
		BEB2E260204AEF0400B5EADC /* CityDataSource.swift */ = {isa = PBXFileReference; lastKnownFileType = sourcecode.swift; path = CityDataSource.swift; sourceTree = "<group>"; };
		BEB2E262204AF21500B5EADC /* CityResultPickerVC.swift */ = {isa = PBXFileReference; lastKnownFileType = sourcecode.swift; path = CityResultPickerVC.swift; sourceTree = "<group>"; };
		BEB2E264204AF33000B5EADC /* UITableView+Generics.swift */ = {isa = PBXFileReference; lastKnownFileType = sourcecode.swift; path = "UITableView+Generics.swift"; sourceTree = "<group>"; };
		BEB2E266204AF35400B5EADC /* NSObject+Sugar.swift */ = {isa = PBXFileReference; lastKnownFileType = sourcecode.swift; path = "NSObject+Sugar.swift"; sourceTree = "<group>"; };
		BEB2E268204AF5E300B5EADC /* AddressEntity.swift */ = {isa = PBXFileReference; lastKnownFileType = sourcecode.swift; path = AddressEntity.swift; sourceTree = "<group>"; };
		BEB2E26A204AF69300B5EADC /* StreetDataSource.swift */ = {isa = PBXFileReference; lastKnownFileType = sourcecode.swift; path = StreetDataSource.swift; sourceTree = "<group>"; };
		BEB2E26C204AF78800B5EADC /* HouseDataSource.swift */ = {isa = PBXFileReference; lastKnownFileType = sourcecode.swift; path = HouseDataSource.swift; sourceTree = "<group>"; };
		BEB2E26F204AF7B700B5EADC /* HousePickerVC.swift */ = {isa = PBXFileReference; lastKnownFileType = sourcecode.swift; path = HousePickerVC.swift; sourceTree = "<group>"; };
		BEB2E271204AF7E100B5EADC /* StreetPickerVC.swift */ = {isa = PBXFileReference; lastKnownFileType = sourcecode.swift; path = StreetPickerVC.swift; sourceTree = "<group>"; };
		BEE5FAB7204AE7C90072ABD1 /* GenericViewController.app */ = {isa = PBXFileReference; explicitFileType = wrapper.application; includeInIndex = 0; path = GenericViewController.app; sourceTree = BUILT_PRODUCTS_DIR; };
		BEE5FABA204AE7C90072ABD1 /* AppDelegate.swift */ = {isa = PBXFileReference; lastKnownFileType = sourcecode.swift; path = AppDelegate.swift; sourceTree = "<group>"; };
		BEE5FABC204AE7C90072ABD1 /* ViewController.swift */ = {isa = PBXFileReference; lastKnownFileType = sourcecode.swift; path = ViewController.swift; sourceTree = "<group>"; };
		BEE5FABF204AE7CA0072ABD1 /* Base */ = {isa = PBXFileReference; lastKnownFileType = file.storyboard; name = Base; path = Base.lproj/Main.storyboard; sourceTree = "<group>"; };
		BEE5FAC1204AE7CA0072ABD1 /* Assets.xcassets */ = {isa = PBXFileReference; lastKnownFileType = folder.assetcatalog; path = Assets.xcassets; sourceTree = "<group>"; };
		BEE5FAC4204AE7CA0072ABD1 /* Base */ = {isa = PBXFileReference; lastKnownFileType = file.storyboard; name = Base; path = Base.lproj/LaunchScreen.storyboard; sourceTree = "<group>"; };
		BEE5FAC6204AE7CA0072ABD1 /* Info.plist */ = {isa = PBXFileReference; lastKnownFileType = text.plist.xml; path = Info.plist; sourceTree = "<group>"; };
		BEE5FACF204AE88F0072ABD1 /* CommonDataSource.swift */ = {isa = PBXFileReference; lastKnownFileType = sourcecode.swift; path = CommonDataSource.swift; sourceTree = "<group>"; };
		BEE5FAD1204AE9420072ABD1 /* CommonResultListItem.swift */ = {isa = PBXFileReference; lastKnownFileType = sourcecode.swift; path = CommonResultListItem.swift; sourceTree = "<group>"; };
		BEE5FAD3204AE95E0072ABD1 /* StreetEntity.swift */ = {isa = PBXFileReference; lastKnownFileType = sourcecode.swift; path = StreetEntity.swift; sourceTree = "<group>"; };
		BEE5FAD5204AE9890072ABD1 /* HouseEntity.swift */ = {isa = PBXFileReference; lastKnownFileType = sourcecode.swift; path = HouseEntity.swift; sourceTree = "<group>"; };
		BEE5FAD7204AE9AD0072ABD1 /* CityEntity.swift */ = {isa = PBXFileReference; lastKnownFileType = sourcecode.swift; path = CityEntity.swift; sourceTree = "<group>"; };
		BEE5FADA204AE9DB0072ABD1 /* Entities+ResultListItem.swift */ = {isa = PBXFileReference; lastKnownFileType = sourcecode.swift; path = "Entities+ResultListItem.swift"; sourceTree = "<group>"; };
		DE00234B204D42C100A7A093 /* SuggestResultVC.swift */ = {isa = PBXFileReference; lastKnownFileType = sourcecode.swift; path = SuggestResultVC.swift; sourceTree = "<group>"; };
/* End PBXFileReference section */

/* Begin PBXFrameworksBuildPhase section */
		BEE5FAB4204AE7C90072ABD1 /* Frameworks */ = {
			isa = PBXFrameworksBuildPhase;
			buildActionMask = 2147483647;
			files = (
			);
			runOnlyForDeploymentPostprocessing = 0;
		};
/* End PBXFrameworksBuildPhase section */

/* Begin PBXGroup section */
		BEB2E26E204AF7AC00B5EADC /* Pickers */ = {
			isa = PBXGroup;
			children = (
				BEB2E262204AF21500B5EADC /* CityResultPickerVC.swift */,
				BEB2E26F204AF7B700B5EADC /* HousePickerVC.swift */,
				BEB2E271204AF7E100B5EADC /* StreetPickerVC.swift */,
			);
			path = Pickers;
			sourceTree = "<group>";
		};
		BEE5FAAE204AE7C90072ABD1 = {
			isa = PBXGroup;
			children = (
				BEE5FAB9204AE7C90072ABD1 /* GenericViewController */,
				BEE5FAB8204AE7C90072ABD1 /* Products */,
			);
			sourceTree = "<group>";
		};
		BEE5FAB8204AE7C90072ABD1 /* Products */ = {
			isa = PBXGroup;
			children = (
				BEE5FAB7204AE7C90072ABD1 /* GenericViewController.app */,
			);
			name = Products;
			sourceTree = "<group>";
		};
		BEE5FAB9204AE7C90072ABD1 /* GenericViewController */ = {
			isa = PBXGroup;
			children = (
				BEE5FADC204AEA3B0072ABD1 /* ViewControllers */,
				BEE5FAD9204AE9C80072ABD1 /* Extensions */,
				BEE5FACE204AE87E0072ABD1 /* Protocols */,
				BEE5FACD204AE8780072ABD1 /* DataSource */,
				BEE5FACC204AE8730072ABD1 /* Entities */,
				BEE5FABA204AE7C90072ABD1 /* AppDelegate.swift */,
				BEE5FABC204AE7C90072ABD1 /* ViewController.swift */,
				BEE5FABE204AE7CA0072ABD1 /* Main.storyboard */,
				BEE5FAC1204AE7CA0072ABD1 /* Assets.xcassets */,
				BEE5FAC3204AE7CA0072ABD1 /* LaunchScreen.storyboard */,
				BEE5FAC6204AE7CA0072ABD1 /* Info.plist */,
			);
			path = GenericViewController;
			sourceTree = "<group>";
		};
		BEE5FACC204AE8730072ABD1 /* Entities */ = {
			isa = PBXGroup;
			children = (
				BEE5FAD3204AE95E0072ABD1 /* StreetEntity.swift */,
				BEE5FAD5204AE9890072ABD1 /* HouseEntity.swift */,
				BEE5FAD7204AE9AD0072ABD1 /* CityEntity.swift */,
				BEB2E268204AF5E300B5EADC /* AddressEntity.swift */,
			);
			path = Entities;
			sourceTree = "<group>";
		};
		BEE5FACD204AE8780072ABD1 /* DataSource */ = {
			isa = PBXGroup;
			children = (
				BEB2E260204AEF0400B5EADC /* CityDataSource.swift */,
				BEB2E26A204AF69300B5EADC /* StreetDataSource.swift */,
				BEB2E26C204AF78800B5EADC /* HouseDataSource.swift */,
			);
			path = DataSource;
			sourceTree = "<group>";
		};
		BEE5FACE204AE87E0072ABD1 /* Protocols */ = {
			isa = PBXGroup;
			children = (
				BEE5FACF204AE88F0072ABD1 /* CommonDataSource.swift */,
				BEE5FAD1204AE9420072ABD1 /* CommonResultListItem.swift */,
				BEB2E259204AEC2500B5EADC /* ResultRendererDelegate.swift */,
			);
			path = Protocols;
			sourceTree = "<group>";
		};
		BEE5FAD9204AE9C80072ABD1 /* Extensions */ = {
			isa = PBXGroup;
			children = (
				BEE5FADA204AE9DB0072ABD1 /* Entities+ResultListItem.swift */,
				BEB2E264204AF33000B5EADC /* UITableView+Generics.swift */,
				BEB2E266204AF35400B5EADC /* NSObject+Sugar.swift */,
			);
			path = Extensions;
			sourceTree = "<group>";
		};
		BEE5FADC204AEA3B0072ABD1 /* ViewControllers */ = {
			isa = PBXGroup;
			children = (
				BEB2E26E204AF7AC00B5EADC /* Pickers */,
				BEB2E25B204AEC9600B5EADC /* ResultPickerVC.swift */,
				DE00234B204D42C100A7A093 /* SuggestResultVC.swift */,
			);
			path = ViewControllers;
			sourceTree = "<group>";
		};
/* End PBXGroup section */

/* Begin PBXNativeTarget section */
		BEE5FAB6204AE7C90072ABD1 /* GenericViewController */ = {
			isa = PBXNativeTarget;
			buildConfigurationList = BEE5FAC9204AE7CA0072ABD1 /* Build configuration list for PBXNativeTarget "GenericViewController" */;
			buildPhases = (
				BEE5FAB3204AE7C90072ABD1 /* Sources */,
				BEE5FAB4204AE7C90072ABD1 /* Frameworks */,
				BEE5FAB5204AE7C90072ABD1 /* Resources */,
			);
			buildRules = (
			);
			dependencies = (
			);
			name = GenericViewController;
			productName = GenericViewController;
			productReference = BEE5FAB7204AE7C90072ABD1 /* GenericViewController.app */;
			productType = "com.apple.product-type.application";
		};
/* End PBXNativeTarget section */

/* Begin PBXProject section */
		BEE5FAAF204AE7C90072ABD1 /* Project object */ = {
			isa = PBXProject;
			attributes = {
				LastSwiftUpdateCheck = 0920;
				LastUpgradeCheck = 0920;
				ORGANIZATIONNAME = "Maxim Shelepyuk";
				TargetAttributes = {
					BEE5FAB6204AE7C90072ABD1 = {
						CreatedOnToolsVersion = 9.2;
						ProvisioningStyle = Automatic;
					};
				};
			};
			buildConfigurationList = BEE5FAB2204AE7C90072ABD1 /* Build configuration list for PBXProject "GenericViewController" */;
			compatibilityVersion = "Xcode 8.0";
			developmentRegion = en;
			hasScannedForEncodings = 0;
			knownRegions = (
				en,
				Base,
			);
			mainGroup = BEE5FAAE204AE7C90072ABD1;
			productRefGroup = BEE5FAB8204AE7C90072ABD1 /* Products */;
			projectDirPath = "";
			projectRoot = "";
			targets = (
				BEE5FAB6204AE7C90072ABD1 /* GenericViewController */,
			);
		};
/* End PBXProject section */

/* Begin PBXResourcesBuildPhase section */
		BEE5FAB5204AE7C90072ABD1 /* Resources */ = {
			isa = PBXResourcesBuildPhase;
			buildActionMask = 2147483647;
			files = (
				BEE5FAC5204AE7CA0072ABD1 /* LaunchScreen.storyboard in Resources */,
				BEE5FAC2204AE7CA0072ABD1 /* Assets.xcassets in Resources */,
				BEE5FAC0204AE7CA0072ABD1 /* Main.storyboard in Resources */,
			);
			runOnlyForDeploymentPostprocessing = 0;
		};
/* End PBXResourcesBuildPhase section */

/* Begin PBXSourcesBuildPhase section */
		BEE5FAB3204AE7C90072ABD1 /* Sources */ = {
			isa = PBXSourcesBuildPhase;
			buildActionMask = 2147483647;
			files = (
				BEB2E265204AF33000B5EADC /* UITableView+Generics.swift in Sources */,
				DE00234C204D42C100A7A093 /* SuggestResultVC.swift in Sources */,
				BEB2E26D204AF78800B5EADC /* HouseDataSource.swift in Sources */,
				BEB2E25C204AEC9600B5EADC /* ResultPickerVC.swift in Sources */,
				BEE5FAD2204AE9420072ABD1 /* CommonResultListItem.swift in Sources */,
				BEB2E261204AEF0400B5EADC /* CityDataSource.swift in Sources */,
				BEB2E267204AF35400B5EADC /* NSObject+Sugar.swift in Sources */,
				BEB2E263204AF21500B5EADC /* CityResultPickerVC.swift in Sources */,
				BEE5FAD0204AE88F0072ABD1 /* CommonDataSource.swift in Sources */,
				BEB2E272204AF7E100B5EADC /* StreetPickerVC.swift in Sources */,
				BEE5FADB204AE9DB0072ABD1 /* Entities+ResultListItem.swift in Sources */,
				BEE5FAD4204AE95E0072ABD1 /* StreetEntity.swift in Sources */,
				BEB2E269204AF5E300B5EADC /* AddressEntity.swift in Sources */,
				BEE5FABD204AE7C90072ABD1 /* ViewController.swift in Sources */,
				BEE5FABB204AE7C90072ABD1 /* AppDelegate.swift in Sources */,
				BEB2E25A204AEC2500B5EADC /* ResultRendererDelegate.swift in Sources */,
				BEE5FAD6204AE9890072ABD1 /* HouseEntity.swift in Sources */,
				BEB2E270204AF7B700B5EADC /* HousePickerVC.swift in Sources */,
				BEE5FAD8204AE9AD0072ABD1 /* CityEntity.swift in Sources */,
				BEB2E26B204AF69300B5EADC /* StreetDataSource.swift in Sources */,
			);
			runOnlyForDeploymentPostprocessing = 0;
		};
/* End PBXSourcesBuildPhase section */

/* Begin PBXVariantGroup section */
		BEE5FABE204AE7CA0072ABD1 /* Main.storyboard */ = {
			isa = PBXVariantGroup;
			children = (
				BEE5FABF204AE7CA0072ABD1 /* Base */,
			);
			name = Main.storyboard;
			sourceTree = "<group>";
		};
		BEE5FAC3204AE7CA0072ABD1 /* LaunchScreen.storyboard */ = {
			isa = PBXVariantGroup;
			children = (
				BEE5FAC4204AE7CA0072ABD1 /* Base */,
			);
			name = LaunchScreen.storyboard;
			sourceTree = "<group>";
		};
/* End PBXVariantGroup section */

/* Begin XCBuildConfiguration section */
		BEE5FAC7204AE7CA0072ABD1 /* Debug */ = {
			isa = XCBuildConfiguration;
			buildSettings = {
				ALWAYS_SEARCH_USER_PATHS = NO;
				CLANG_ANALYZER_NONNULL = YES;
				CLANG_ANALYZER_NUMBER_OBJECT_CONVERSION = YES_AGGRESSIVE;
				CLANG_CXX_LANGUAGE_STANDARD = "gnu++14";
				CLANG_CXX_LIBRARY = "libc++";
				CLANG_ENABLE_MODULES = YES;
				CLANG_ENABLE_OBJC_ARC = YES;
				CLANG_WARN_BLOCK_CAPTURE_AUTORELEASING = YES;
				CLANG_WARN_BOOL_CONVERSION = YES;
				CLANG_WARN_COMMA = YES;
				CLANG_WARN_CONSTANT_CONVERSION = YES;
				CLANG_WARN_DIRECT_OBJC_ISA_USAGE = YES_ERROR;
				CLANG_WARN_DOCUMENTATION_COMMENTS = YES;
				CLANG_WARN_EMPTY_BODY = YES;
				CLANG_WARN_ENUM_CONVERSION = YES;
				CLANG_WARN_INFINITE_RECURSION = YES;
				CLANG_WARN_INT_CONVERSION = YES;
				CLANG_WARN_NON_LITERAL_NULL_CONVERSION = YES;
				CLANG_WARN_OBJC_LITERAL_CONVERSION = YES;
				CLANG_WARN_OBJC_ROOT_CLASS = YES_ERROR;
				CLANG_WARN_RANGE_LOOP_ANALYSIS = YES;
				CLANG_WARN_STRICT_PROTOTYPES = YES;
				CLANG_WARN_SUSPICIOUS_MOVE = YES;
				CLANG_WARN_UNGUARDED_AVAILABILITY = YES_AGGRESSIVE;
				CLANG_WARN_UNREACHABLE_CODE = YES;
				CLANG_WARN__DUPLICATE_METHOD_MATCH = YES;
				CODE_SIGN_IDENTITY = "iPhone Developer";
				COPY_PHASE_STRIP = NO;
				DEBUG_INFORMATION_FORMAT = dwarf;
				ENABLE_STRICT_OBJC_MSGSEND = YES;
				ENABLE_TESTABILITY = YES;
				GCC_C_LANGUAGE_STANDARD = gnu11;
				GCC_DYNAMIC_NO_PIC = NO;
				GCC_NO_COMMON_BLOCKS = YES;
				GCC_OPTIMIZATION_LEVEL = 0;
				GCC_PREPROCESSOR_DEFINITIONS = (
					"DEBUG=1",
					"$(inherited)",
				);
				GCC_WARN_64_TO_32_BIT_CONVERSION = YES;
				GCC_WARN_ABOUT_RETURN_TYPE = YES_ERROR;
				GCC_WARN_UNDECLARED_SELECTOR = YES;
				GCC_WARN_UNINITIALIZED_AUTOS = YES_AGGRESSIVE;
				GCC_WARN_UNUSED_FUNCTION = YES;
				GCC_WARN_UNUSED_VARIABLE = YES;
				IPHONEOS_DEPLOYMENT_TARGET = 11.2;
				MTL_ENABLE_DEBUG_INFO = YES;
				ONLY_ACTIVE_ARCH = YES;
				SDKROOT = iphoneos;
				SWIFT_ACTIVE_COMPILATION_CONDITIONS = DEBUG;
				SWIFT_OPTIMIZATION_LEVEL = "-Onone";
			};
			name = Debug;
		};
		BEE5FAC8204AE7CA0072ABD1 /* Release */ = {
			isa = XCBuildConfiguration;
			buildSettings = {
				ALWAYS_SEARCH_USER_PATHS = NO;
				CLANG_ANALYZER_NONNULL = YES;
				CLANG_ANALYZER_NUMBER_OBJECT_CONVERSION = YES_AGGRESSIVE;
				CLANG_CXX_LANGUAGE_STANDARD = "gnu++14";
				CLANG_CXX_LIBRARY = "libc++";
				CLANG_ENABLE_MODULES = YES;
				CLANG_ENABLE_OBJC_ARC = YES;
				CLANG_WARN_BLOCK_CAPTURE_AUTORELEASING = YES;
				CLANG_WARN_BOOL_CONVERSION = YES;
				CLANG_WARN_COMMA = YES;
				CLANG_WARN_CONSTANT_CONVERSION = YES;
				CLANG_WARN_DIRECT_OBJC_ISA_USAGE = YES_ERROR;
				CLANG_WARN_DOCUMENTATION_COMMENTS = YES;
				CLANG_WARN_EMPTY_BODY = YES;
				CLANG_WARN_ENUM_CONVERSION = YES;
				CLANG_WARN_INFINITE_RECURSION = YES;
				CLANG_WARN_INT_CONVERSION = YES;
				CLANG_WARN_NON_LITERAL_NULL_CONVERSION = YES;
				CLANG_WARN_OBJC_LITERAL_CONVERSION = YES;
				CLANG_WARN_OBJC_ROOT_CLASS = YES_ERROR;
				CLANG_WARN_RANGE_LOOP_ANALYSIS = YES;
				CLANG_WARN_STRICT_PROTOTYPES = YES;
				CLANG_WARN_SUSPICIOUS_MOVE = YES;
				CLANG_WARN_UNGUARDED_AVAILABILITY = YES_AGGRESSIVE;
				CLANG_WARN_UNREACHABLE_CODE = YES;
				CLANG_WARN__DUPLICATE_METHOD_MATCH = YES;
				CODE_SIGN_IDENTITY = "iPhone Developer";
				COPY_PHASE_STRIP = NO;
				DEBUG_INFORMATION_FORMAT = "dwarf-with-dsym";
				ENABLE_NS_ASSERTIONS = NO;
				ENABLE_STRICT_OBJC_MSGSEND = YES;
				GCC_C_LANGUAGE_STANDARD = gnu11;
				GCC_NO_COMMON_BLOCKS = YES;
				GCC_WARN_64_TO_32_BIT_CONVERSION = YES;
				GCC_WARN_ABOUT_RETURN_TYPE = YES_ERROR;
				GCC_WARN_UNDECLARED_SELECTOR = YES;
				GCC_WARN_UNINITIALIZED_AUTOS = YES_AGGRESSIVE;
				GCC_WARN_UNUSED_FUNCTION = YES;
				GCC_WARN_UNUSED_VARIABLE = YES;
				IPHONEOS_DEPLOYMENT_TARGET = 11.2;
				MTL_ENABLE_DEBUG_INFO = NO;
				SDKROOT = iphoneos;
				SWIFT_OPTIMIZATION_LEVEL = "-Owholemodule";
				VALIDATE_PRODUCT = YES;
			};
			name = Release;
		};
		BEE5FACA204AE7CA0072ABD1 /* Debug */ = {
			isa = XCBuildConfiguration;
			buildSettings = {
				ASSETCATALOG_COMPILER_APPICON_NAME = AppIcon;
				CODE_SIGN_STYLE = Automatic;
				INFOPLIST_FILE = GenericViewController/Info.plist;
				LD_RUNPATH_SEARCH_PATHS = "$(inherited) @executable_path/Frameworks";
				PRODUCT_BUNDLE_IDENTIFIER = com.madmax.GenericViewController;
				PRODUCT_NAME = "$(TARGET_NAME)";
				SWIFT_VERSION = 4.0;
				TARGETED_DEVICE_FAMILY = "1,2";
			};
			name = Debug;
		};
		BEE5FACB204AE7CA0072ABD1 /* Release */ = {
			isa = XCBuildConfiguration;
			buildSettings = {
				ASSETCATALOG_COMPILER_APPICON_NAME = AppIcon;
				CODE_SIGN_STYLE = Automatic;
				INFOPLIST_FILE = GenericViewController/Info.plist;
				LD_RUNPATH_SEARCH_PATHS = "$(inherited) @executable_path/Frameworks";
				PRODUCT_BUNDLE_IDENTIFIER = com.madmax.GenericViewController;
				PRODUCT_NAME = "$(TARGET_NAME)";
				SWIFT_VERSION = 4.0;
				TARGETED_DEVICE_FAMILY = "1,2";
			};
			name = Release;
		};
/* End XCBuildConfiguration section */

/* Begin XCConfigurationList section */
		BEE5FAB2204AE7C90072ABD1 /* Build configuration list for PBXProject "GenericViewController" */ = {
			isa = XCConfigurationList;
			buildConfigurations = (
				BEE5FAC7204AE7CA0072ABD1 /* Debug */,
				BEE5FAC8204AE7CA0072ABD1 /* Release */,
			);
			defaultConfigurationIsVisible = 0;
			defaultConfigurationName = Release;
		};
		BEE5FAC9204AE7CA0072ABD1 /* Build configuration list for PBXNativeTarget "GenericViewController" */ = {
			isa = XCConfigurationList;
			buildConfigurations = (
				BEE5FACA204AE7CA0072ABD1 /* Debug */,
				BEE5FACB204AE7CA0072ABD1 /* Release */,
			);
			defaultConfigurationIsVisible = 0;
			defaultConfigurationName = Release;
		};
/* End XCConfigurationList section */
	};
	rootObject = BEE5FAAF204AE7C90072ABD1 /* Project object */;
}
